
Microsoft Visual Studio Solution File, Format Version 12.00
# Visual Studio 15
VisualStudioVersion = 15.0.27703.2026
MinimumVisualStudioVersion = 10.0.40219.1
Project("{888888A0-9F3D-457C-B088-3A5042F75D52}") = "TestPython", "TestPython\TestPython.pyproj", "{5EE5353D-D3D6-459A-86D5-959AA6C07BDB}"
EndProject
Global
	GlobalSection(SolutionConfigurationPlatforms) = preSolution
		Debug|Any CPU = Debug|Any CPU
		Release|Any CPU = Release|Any CPU
	EndGlobalSection
	GlobalSection(ProjectConfigurationPlatforms) = postSolution
		{5EE5353D-D3D6-459A-86D5-959AA6C07BDB}.Debug|Any CPU.ActiveCfg = Debug|Any CPU
		{5EE5353D-D3D6-459A-86D5-959AA6C07BDB}.Release|Any CPU.ActiveCfg = Release|Any CPU
	EndGlobalSection
	GlobalSection(SolutionProperties) = preSolution
		HideSolutionNode = FALSE
	EndGlobalSection
	GlobalSection(ExtensibilityGlobals) = postSolution
		SolutionGuid = {631F9307-96E9-4BA8-AA8C-4455D8BB8DFB}
	EndGlobalSection
EndGlobal
